// !$*UTF8*$!
{
	archiveVersion = 1;
	classes = {
	};
	objectVersion = 50;
	objects = {

/* Begin PBXBuildFile section */
		18BFD85A235A683A004EB4C0 /* AppDelegate.swift in Sources */ = {isa = PBXBuildFile; fileRef = 18BFD859235A683A004EB4C0 /* AppDelegate.swift */; };
		18BFD85C235A683A004EB4C0 /* SceneDelegate.swift in Sources */ = {isa = PBXBuildFile; fileRef = 18BFD85B235A683A004EB4C0 /* SceneDelegate.swift */; };
		18BFD85F235A683A004EB4C0 /* pitchingperfects.xcdatamodeld in Sources */ = {isa = PBXBuildFile; fileRef = 18BFD85D235A683A004EB4C0 /* pitchingperfects.xcdatamodeld */; };
		18BFD861235A683A004EB4C0 /* ContentView.swift in Sources */ = {isa = PBXBuildFile; fileRef = 18BFD860235A683A004EB4C0 /* ContentView.swift */; };
		18BFD863235A683C004EB4C0 /* Assets.xcassets in Resources */ = {isa = PBXBuildFile; fileRef = 18BFD862235A683C004EB4C0 /* Assets.xcassets */; };
		18BFD866235A683C004EB4C0 /* Preview Assets.xcassets in Resources */ = {isa = PBXBuildFile; fileRef = 18BFD865235A683C004EB4C0 /* Preview Assets.xcassets */; };
		18BFD869235A683C004EB4C0 /* LaunchScreen.storyboard in Resources */ = {isa = PBXBuildFile; fileRef = 18BFD867235A683C004EB4C0 /* LaunchScreen.storyboard */; };
		18BFD874235A683C004EB4C0 /* pitchingperfectsTests.swift in Sources */ = {isa = PBXBuildFile; fileRef = 18BFD873235A683C004EB4C0 /* pitchingperfectsTests.swift */; };
		18BFD87F235A683C004EB4C0 /* pitchingperfectsUITests.swift in Sources */ = {isa = PBXBuildFile; fileRef = 18BFD87E235A683C004EB4C0 /* pitchingperfectsUITests.swift */; };
		18BFD88D235A6CAD004EB4C0 /* Display.swift in Sources */ = {isa = PBXBuildFile; fileRef = 18BFD88C235A6CAD004EB4C0 /* Display.swift */; };
/* End PBXBuildFile section */

/* Begin PBXContainerItemProxy section */
		18BFD870235A683C004EB4C0 /* PBXContainerItemProxy */ = {
			isa = PBXContainerItemProxy;
			containerPortal = 18BFD84E235A683A004EB4C0 /* Project object */;
			proxyType = 1;
			remoteGlobalIDString = 18BFD855235A683A004EB4C0;
			remoteInfo = pitchingperfects;
		};
		18BFD87B235A683C004EB4C0 /* PBXContainerItemProxy */ = {
			isa = PBXContainerItemProxy;
			containerPortal = 18BFD84E235A683A004EB4C0 /* Project object */;
			proxyType = 1;
			remoteGlobalIDString = 18BFD855235A683A004EB4C0;
			remoteInfo = pitchingperfects;
		};
/* End PBXContainerItemProxy section */

/* Begin PBXFileReference section */
		18BFD856235A683A004EB4C0 /* pitchingperfects.app */ = {isa = PBXFileReference; explicitFileType = wrapper.application; includeInIndex = 0; path = pitchingperfects.app; sourceTree = BUILT_PRODUCTS_DIR; };
		18BFD859235A683A004EB4C0 /* AppDelegate.swift */ = {isa = PBXFileReference; lastKnownFileType = sourcecode.swift; path = AppDelegate.swift; sourceTree = "<group>"; };
		18BFD85B235A683A004EB4C0 /* SceneDelegate.swift */ = {isa = PBXFileReference; lastKnownFileType = sourcecode.swift; path = SceneDelegate.swift; sourceTree = "<group>"; };
		18BFD85E235A683A004EB4C0 /* pitchingperfects.xcdatamodel */ = {isa = PBXFileReference; lastKnownFileType = wrapper.xcdatamodel; path = pitchingperfects.xcdatamodel; sourceTree = "<group>"; };
		18BFD860235A683A004EB4C0 /* ContentView.swift */ = {isa = PBXFileReference; lastKnownFileType = sourcecode.swift; path = ContentView.swift; sourceTree = "<group>"; };
		18BFD862235A683C004EB4C0 /* Assets.xcassets */ = {isa = PBXFileReference; lastKnownFileType = folder.assetcatalog; path = Assets.xcassets; sourceTree = "<group>"; };
		18BFD865235A683C004EB4C0 /* Preview Assets.xcassets */ = {isa = PBXFileReference; lastKnownFileType = folder.assetcatalog; path = "Preview Assets.xcassets"; sourceTree = "<group>"; };
		18BFD868235A683C004EB4C0 /* Base */ = {isa = PBXFileReference; lastKnownFileType = file.storyboard; name = Base; path = Base.lproj/LaunchScreen.storyboard; sourceTree = "<group>"; };
		18BFD86A235A683C004EB4C0 /* Info.plist */ = {isa = PBXFileReference; lastKnownFileType = text.plist.xml; path = Info.plist; sourceTree = "<group>"; };
		18BFD86F235A683C004EB4C0 /* pitchingperfectsTests.xctest */ = {isa = PBXFileReference; explicitFileType = wrapper.cfbundle; includeInIndex = 0; path = pitchingperfectsTests.xctest; sourceTree = BUILT_PRODUCTS_DIR; };
		18BFD873235A683C004EB4C0 /* pitchingperfectsTests.swift */ = {isa = PBXFileReference; lastKnownFileType = sourcecode.swift; path = pitchingperfectsTests.swift; sourceTree = "<group>"; };
		18BFD875235A683C004EB4C0 /* Info.plist */ = {isa = PBXFileReference; lastKnownFileType = text.plist.xml; path = Info.plist; sourceTree = "<group>"; };
		18BFD87A235A683C004EB4C0 /* pitchingperfectsUITests.xctest */ = {isa = PBXFileReference; explicitFileType = wrapper.cfbundle; includeInIndex = 0; path = pitchingperfectsUITests.xctest; sourceTree = BUILT_PRODUCTS_DIR; };
		18BFD87E235A683C004EB4C0 /* pitchingperfectsUITests.swift */ = {isa = PBXFileReference; lastKnownFileType = sourcecode.swift; path = pitchingperfectsUITests.swift; sourceTree = "<group>"; };
		18BFD880235A683C004EB4C0 /* Info.plist */ = {isa = PBXFileReference; lastKnownFileType = text.plist.xml; path = Info.plist; sourceTree = "<group>"; };
		18BFD88C235A6CAD004EB4C0 /* Display.swift */ = {isa = PBXFileReference; lastKnownFileType = sourcecode.swift; path = Display.swift; sourceTree = "<group>"; };
/* End PBXFileReference section */

/* Begin PBXFrameworksBuildPhase section */
		18BFD853235A683A004EB4C0 /* Frameworks */ = {
			isa = PBXFrameworksBuildPhase;
			buildActionMask = 2147483647;
			files = (
			);
			runOnlyForDeploymentPostprocessing = 0;
		};
		18BFD86C235A683C004EB4C0 /* Frameworks */ = {
			isa = PBXFrameworksBuildPhase;
			buildActionMask = 2147483647;
			files = (
			);
			runOnlyForDeploymentPostprocessing = 0;
		};
		18BFD877235A683C004EB4C0 /* Frameworks */ = {
			isa = PBXFrameworksBuildPhase;
			buildActionMask = 2147483647;
			files = (
			);
			runOnlyForDeploymentPostprocessing = 0;
		};
/* End PBXFrameworksBuildPhase section */

/* Begin PBXGroup section */
		18BFD84D235A683A004EB4C0 = {
			isa = PBXGroup;
			children = (
				18BFD858235A683A004EB4C0 /* pitchingperfects */,
				18BFD872235A683C004EB4C0 /* pitchingperfectsTests */,
				18BFD87D235A683C004EB4C0 /* pitchingperfectsUITests */,
				18BFD857235A683A004EB4C0 /* Products */,
			);
			sourceTree = "<group>";
		};
		18BFD857235A683A004EB4C0 /* Products */ = {
			isa = PBXGroup;
			children = (
				18BFD856235A683A004EB4C0 /* pitchingperfects.app */,
				18BFD86F235A683C004EB4C0 /* pitchingperfectsTests.xctest */,
				18BFD87A235A683C004EB4C0 /* pitchingperfectsUITests.xctest */,
			);
			name = Products;
			sourceTree = "<group>";
		};
		18BFD858235A683A004EB4C0 /* pitchingperfects */ = {
			isa = PBXGroup;
			children = (
				18BFD859235A683A004EB4C0 /* AppDelegate.swift */,
				18BFD85B235A683A004EB4C0 /* SceneDelegate.swift */,
				18BFD860235A683A004EB4C0 /* ContentView.swift */,
				18BFD88C235A6CAD004EB4C0 /* Display.swift */,
				18BFD862235A683C004EB4C0 /* Assets.xcassets */,
				18BFD867235A683C004EB4C0 /* LaunchScreen.storyboard */,
				18BFD86A235A683C004EB4C0 /* Info.plist */,
				18BFD85D235A683A004EB4C0 /* pitchingperfects.xcdatamodeld */,
				18BFD864235A683C004EB4C0 /* Preview Content */,
			);
			path = pitchingperfects;
			sourceTree = "<group>";
		};
		18BFD864235A683C004EB4C0 /* Preview Content */ = {
			isa = PBXGroup;
			children = (
				18BFD865235A683C004EB4C0 /* Preview Assets.xcassets */,
			);
			path = "Preview Content";
			sourceTree = "<group>";
		};
		18BFD872235A683C004EB4C0 /* pitchingperfectsTests */ = {
			isa = PBXGroup;
			children = (
				18BFD873235A683C004EB4C0 /* pitchingperfectsTests.swift */,
				18BFD875235A683C004EB4C0 /* Info.plist */,
			);
			path = pitchingperfectsTests;
			sourceTree = "<group>";
		};
		18BFD87D235A683C004EB4C0 /* pitchingperfectsUITests */ = {
			isa = PBXGroup;
			children = (
				18BFD87E235A683C004EB4C0 /* pitchingperfectsUITests.swift */,
				18BFD880235A683C004EB4C0 /* Info.plist */,
			);
			path = pitchingperfectsUITests;
			sourceTree = "<group>";
		};
/* End PBXGroup section */

/* Begin PBXNativeTarget section */
		18BFD855235A683A004EB4C0 /* pitchingperfects */ = {
			isa = PBXNativeTarget;
			buildConfigurationList = 18BFD883235A683C004EB4C0 /* Build configuration list for PBXNativeTarget "pitchingperfects" */;
			buildPhases = (
				18BFD852235A683A004EB4C0 /* Sources */,
				18BFD853235A683A004EB4C0 /* Frameworks */,
				18BFD854235A683A004EB4C0 /* Resources */,
			);
			buildRules = (
			);
			dependencies = (
			);
			name = pitchingperfects;
			productName = pitchingperfects;
			productReference = 18BFD856235A683A004EB4C0 /* pitchingperfects.app */;
			productType = "com.apple.product-type.application";
		};
		18BFD86E235A683C004EB4C0 /* pitchingperfectsTests */ = {
			isa = PBXNativeTarget;
			buildConfigurationList = 18BFD886235A683C004EB4C0 /* Build configuration list for PBXNativeTarget "pitchingperfectsTests" */;
			buildPhases = (
				18BFD86B235A683C004EB4C0 /* Sources */,
				18BFD86C235A683C004EB4C0 /* Frameworks */,
				18BFD86D235A683C004EB4C0 /* Resources */,
			);
			buildRules = (
			);
			dependencies = (
				18BFD871235A683C004EB4C0 /* PBXTargetDependency */,
			);
			name = pitchingperfectsTests;
			productName = pitchingperfectsTests;
			productReference = 18BFD86F235A683C004EB4C0 /* pitchingperfectsTests.xctest */;
			productType = "com.apple.product-type.bundle.unit-test";
		};
		18BFD879235A683C004EB4C0 /* pitchingperfectsUITests */ = {
			isa = PBXNativeTarget;
			buildConfigurationList = 18BFD889235A683C004EB4C0 /* Build configuration list for PBXNativeTarget "pitchingperfectsUITests" */;
			buildPhases = (
				18BFD876235A683C004EB4C0 /* Sources */,
				18BFD877235A683C004EB4C0 /* Frameworks */,
				18BFD878235A683C004EB4C0 /* Resources */,
			);
			buildRules = (
			);
			dependencies = (
				18BFD87C235A683C004EB4C0 /* PBXTargetDependency */,
			);
			name = pitchingperfectsUITests;
			productName = pitchingperfectsUITests;
			productReference = 18BFD87A235A683C004EB4C0 /* pitchingperfectsUITests.xctest */;
			productType = "com.apple.product-type.bundle.ui-testing";
		};
/* End PBXNativeTarget section */

/* Begin PBXProject section */
		18BFD84E235A683A004EB4C0 /* Project object */ = {
			isa = PBXProject;
			attributes = {
				LastSwiftUpdateCheck = 1100;
				LastUpgradeCheck = 1100;
				ORGANIZATIONNAME = "sourav sachdeva";
				TargetAttributes = {
					18BFD855235A683A004EB4C0 = {
						CreatedOnToolsVersion = 11.0;
					};
					18BFD86E235A683C004EB4C0 = {
						CreatedOnToolsVersion = 11.0;
						TestTargetID = 18BFD855235A683A004EB4C0;
					};
					18BFD879235A683C004EB4C0 = {
						CreatedOnToolsVersion = 11.0;
						TestTargetID = 18BFD855235A683A004EB4C0;
					};
				};
			};
			buildConfigurationList = 18BFD851235A683A004EB4C0 /* Build configuration list for PBXProject "pitchingperfects" */;
			compatibilityVersion = "Xcode 9.3";
			developmentRegion = en;
			hasScannedForEncodings = 0;
			knownRegions = (
				en,
				Base,
			);
			mainGroup = 18BFD84D235A683A004EB4C0;
			productRefGroup = 18BFD857235A683A004EB4C0 /* Products */;
			projectDirPath = "";
			projectRoot = "";
			targets = (
				18BFD855235A683A004EB4C0 /* pitchingperfects */,
				18BFD86E235A683C004EB4C0 /* pitchingperfectsTests */,
				18BFD879235A683C004EB4C0 /* pitchingperfectsUITests */,
			);
		};
/* End PBXProject section */

/* Begin PBXResourcesBuildPhase section */
		18BFD854235A683A004EB4C0 /* Resources */ = {
			isa = PBXResourcesBuildPhase;
			buildActionMask = 2147483647;
			files = (
				18BFD869235A683C004EB4C0 /* LaunchScreen.storyboard in Resources */,
				18BFD866235A683C004EB4C0 /* Preview Assets.xcassets in Resources */,
				18BFD863235A683C004EB4C0 /* Assets.xcassets in Resources */,
			);
			runOnlyForDeploymentPostprocessing = 0;
		};
		18BFD86D235A683C004EB4C0 /* Resources */ = {
			isa = PBXResourcesBuildPhase;
			buildActionMask = 2147483647;
			files = (
			);
			runOnlyForDeploymentPostprocessing = 0;
		};
		18BFD878235A683C004EB4C0 /* Resources */ = {
			isa = PBXResourcesBuildPhase;
			buildActionMask = 2147483647;
			files = (
			);
			runOnlyForDeploymentPostprocessing = 0;
		};
/* End PBXResourcesBuildPhase section */

/* Begin PBXSourcesBuildPhase section */
		18BFD852235A683A004EB4C0 /* Sources */ = {
			isa = PBXSourcesBuildPhase;
			buildActionMask = 2147483647;
			files = (
				18BFD88D235A6CAD004EB4C0 /* Display.swift in Sources */,
				18BFD85A235A683A004EB4C0 /* AppDelegate.swift in Sources */,
				18BFD85F235A683A004EB4C0 /* pitchingperfects.xcdatamodeld in Sources */,
				18BFD861235A683A004EB4C0 /* ContentView.swift in Sources */,
				18BFD85C235A683A004EB4C0 /* SceneDelegate.swift in Sources */,
			);
			runOnlyForDeploymentPostprocessing = 0;
		};
		18BFD86B235A683C004EB4C0 /* Sources */ = {
			isa = PBXSourcesBuildPhase;
			buildActionMask = 2147483647;
			files = (
				18BFD874235A683C004EB4C0 /* pitchingperfectsTests.swift in Sources */,
			);
			runOnlyForDeploymentPostprocessing = 0;
		};
		18BFD876235A683C004EB4C0 /* Sources */ = {
			isa = PBXSourcesBuildPhase;
			buildActionMask = 2147483647;
			files = (
				18BFD87F235A683C004EB4C0 /* pitchingperfectsUITests.swift in Sources */,
			);
			runOnlyForDeploymentPostprocessing = 0;
		};
/* End PBXSourcesBuildPhase section */

/* Begin PBXTargetDependency section */
		18BFD871235A683C004EB4C0 /* PBXTargetDependency */ = {
			isa = PBXTargetDependency;
			target = 18BFD855235A683A004EB4C0 /* pitchingperfects */;
			targetProxy = 18BFD870235A683C004EB4C0 /* PBXContainerItemProxy */;
		};
		18BFD87C235A683C004EB4C0 /* PBXTargetDependency */ = {
			isa = PBXTargetDependency;
			target = 18BFD855235A683A004EB4C0 /* pitchingperfects */;
			targetProxy = 18BFD87B235A683C004EB4C0 /* PBXContainerItemProxy */;
		};
/* End PBXTargetDependency section */

/* Begin PBXVariantGroup section */
		18BFD867235A683C004EB4C0 /* LaunchScreen.storyboard */ = {
			isa = PBXVariantGroup;
			children = (
				18BFD868235A683C004EB4C0 /* Base */,
			);
			name = LaunchScreen.storyboard;
			sourceTree = "<group>";
		};
/* End PBXVariantGroup section */

/* Begin XCBuildConfiguration section */
		18BFD881235A683C004EB4C0 /* Debug */ = {
			isa = XCBuildConfiguration;
			buildSettings = {
				ALWAYS_SEARCH_USER_PATHS = NO;
				CLANG_ANALYZER_NONNULL = YES;
				CLANG_ANALYZER_NUMBER_OBJECT_CONVERSION = YES_AGGRESSIVE;
				CLANG_CXX_LANGUAGE_STANDARD = "gnu++14";
				CLANG_CXX_LIBRARY = "libc++";
				CLANG_ENABLE_MODULES = YES;
				CLANG_ENABLE_OBJC_ARC = YES;
				CLANG_ENABLE_OBJC_WEAK = YES;
				CLANG_WARN_BLOCK_CAPTURE_AUTORELEASING = YES;
				CLANG_WARN_BOOL_CONVERSION = YES;
				CLANG_WARN_COMMA = YES;
				CLANG_WARN_CONSTANT_CONVERSION = YES;
				CLANG_WARN_DEPRECATED_OBJC_IMPLEMENTATIONS = YES;
				CLANG_WARN_DIRECT_OBJC_ISA_USAGE = YES_ERROR;
				CLANG_WARN_DOCUMENTATION_COMMENTS = YES;
				CLANG_WARN_EMPTY_BODY = YES;
				CLANG_WARN_ENUM_CONVERSION = YES;
				CLANG_WARN_INFINITE_RECURSION = YES;
				CLANG_WARN_INT_CONVERSION = YES;
				CLANG_WARN_NON_LITERAL_NULL_CONVERSION = YES;
				CLANG_WARN_OBJC_IMPLICIT_RETAIN_SELF = YES;
				CLANG_WARN_OBJC_LITERAL_CONVERSION = YES;
				CLANG_WARN_OBJC_ROOT_CLASS = YES_ERROR;
				CLANG_WARN_RANGE_LOOP_ANALYSIS = YES;
				CLANG_WARN_STRICT_PROTOTYPES = YES;
				CLANG_WARN_SUSPICIOUS_MOVE = YES;
				CLANG_WARN_UNGUARDED_AVAILABILITY = YES_AGGRESSIVE;
				CLANG_WARN_UNREACHABLE_CODE = YES;
				CLANG_WARN__DUPLICATE_METHOD_MATCH = YES;
				COPY_PHASE_STRIP = NO;
				DEBUG_INFORMATION_FORMAT = dwarf;
				ENABLE_STRICT_OBJC_MSGSEND = YES;
				ENABLE_TESTABILITY = YES;
				GCC_C_LANGUAGE_STANDARD = gnu11;
				GCC_DYNAMIC_NO_PIC = NO;
				GCC_NO_COMMON_BLOCKS = YES;
				GCC_OPTIMIZATION_LEVEL = 0;
				GCC_PREPROCESSOR_DEFINITIONS = (
					"DEBUG=1",
					"$(inherited)",
				);
				GCC_WARN_64_TO_32_BIT_CONVERSION = YES;
				GCC_WARN_ABOUT_RETURN_TYPE = YES_ERROR;
				GCC_WARN_UNDECLARED_SELECTOR = YES;
				GCC_WARN_UNINITIALIZED_AUTOS = YES_AGGRESSIVE;
				GCC_WARN_UNUSED_FUNCTION = YES;
				GCC_WARN_UNUSED_VARIABLE = YES;
				IPHONEOS_DEPLOYMENT_TARGET = 13.0;
				MTL_ENABLE_DEBUG_INFO = INCLUDE_SOURCE;
				MTL_FAST_MATH = YES;
				ONLY_ACTIVE_ARCH = YES;
				SDKROOT = iphoneos;
				SWIFT_ACTIVE_COMPILATION_CONDITIONS = DEBUG;
				SWIFT_OPTIMIZATION_LEVEL = "-Onone";
			};
			name = Debug;
		};
		18BFD882235A683C004EB4C0 /* Release */ = {
			isa = XCBuildConfiguration;
			buildSettings = {
				ALWAYS_SEARCH_USER_PATHS = NO;
				CLANG_ANALYZER_NONNULL = YES;
				CLANG_ANALYZER_NUMBER_OBJECT_CONVERSION = YES_AGGRESSIVE;
				CLANG_CXX_LANGUAGE_STANDARD = "gnu++14";
				CLANG_CXX_LIBRARY = "libc++";
				CLANG_ENABLE_MODULES = YES;
				CLANG_ENABLE_OBJC_ARC = YES;
				CLANG_ENABLE_OBJC_WEAK = YES;
				CLANG_WARN_BLOCK_CAPTURE_AUTORELEASING = YES;
				CLANG_WARN_BOOL_CONVERSION = YES;
				CLANG_WARN_COMMA = YES;
				CLANG_WARN_CONSTANT_CONVERSION = YES;
				CLANG_WARN_DEPRECATED_OBJC_IMPLEMENTATIONS = YES;
				CLANG_WARN_DIRECT_OBJC_ISA_USAGE = YES_ERROR;
				CLANG_WARN_DOCUMENTATION_COMMENTS = YES;
				CLANG_WARN_EMPTY_BODY = YES;
				CLANG_WARN_ENUM_CONVERSION = YES;
				CLANG_WARN_INFINITE_RECURSION = YES;
				CLANG_WARN_INT_CONVERSION = YES;
				CLANG_WARN_NON_LITERAL_NULL_CONVERSION = YES;
				CLANG_WARN_OBJC_IMPLICIT_RETAIN_SELF = YES;
				CLANG_WARN_OBJC_LITERAL_CONVERSION = YES;
				CLANG_WARN_OBJC_ROOT_CLASS = YES_ERROR;
				CLANG_WARN_RANGE_LOOP_ANALYSIS = YES;
				CLANG_WARN_STRICT_PROTOTYPES = YES;
				CLANG_WARN_SUSPICIOUS_MOVE = YES;
				CLANG_WARN_UNGUARDED_AVAILABILITY = YES_AGGRESSIVE;
				CLANG_WARN_UNREACHABLE_CODE = YES;
				CLANG_WARN__DUPLICATE_METHOD_MATCH = YES;
				COPY_PHASE_STRIP = NO;
				DEBUG_INFORMATION_FORMAT = "dwarf-with-dsym";
				ENABLE_NS_ASSERTIONS = NO;
				ENABLE_STRICT_OBJC_MSGSEND = YES;
				GCC_C_LANGUAGE_STANDARD = gnu11;
				GCC_NO_COMMON_BLOCKS = YES;
				GCC_WARN_64_TO_32_BIT_CONVERSION = YES;
				GCC_WARN_ABOUT_RETURN_TYPE = YES_ERROR;
				GCC_WARN_UNDECLARED_SELECTOR = YES;
				GCC_WARN_UNINITIALIZED_AUTOS = YES_AGGRESSIVE;
				GCC_WARN_UNUSED_FUNCTION = YES;
				GCC_WARN_UNUSED_VARIABLE = YES;
				IPHONEOS_DEPLOYMENT_TARGET = 13.0;
				MTL_ENABLE_DEBUG_INFO = NO;
				MTL_FAST_MATH = YES;
				SDKROOT = iphoneos;
				SWIFT_COMPILATION_MODE = wholemodule;
				SWIFT_OPTIMIZATION_LEVEL = "-O";
				VALIDATE_PRODUCT = YES;
			};
			name = Release;
		};
		18BFD884235A683C004EB4C0 /* Debug */ = {
			isa = XCBuildConfiguration;
			buildSettings = {
				ASSETCATALOG_COMPILER_APPICON_NAME = AppIcon;
				CODE_SIGN_STYLE = Automatic;
				DEVELOPMENT_ASSET_PATHS = "\"pitchingperfects/Preview Content\"";
				DEVELOPMENT_TEAM = X49G5RK3N2;
				ENABLE_PREVIEWS = YES;
				INFOPLIST_FILE = pitchingperfects/Info.plist;
				LD_RUNPATH_SEARCH_PATHS = (
					"$(inherited)",
					"@executable_path/Frameworks",
				);
				PRODUCT_BUNDLE_IDENTIFIER = sourav.bigb.com.pitchingperfects;
				PRODUCT_NAME = "$(TARGET_NAME)";
				SWIFT_VERSION = 5.0;
				TARGETED_DEVICE_FAMILY = "1,2";
			};
			name = Debug;
		};
		18BFD885235A683C004EB4C0 /* Release */ = {
			isa = XCBuildConfiguration;
			buildSettings = {
				ASSETCATALOG_COMPILER_APPICON_NAME = AppIcon;
				CODE_SIGN_STYLE = Automatic;
				DEVELOPMENT_ASSET_PATHS = "\"pitchingperfects/Preview Content\"";
				DEVELOPMENT_TEAM = X49G5RK3N2;
				ENABLE_PREVIEWS = YES;
				INFOPLIST_FILE = pitchingperfects/Info.plist;
				LD_RUNPATH_SEARCH_PATHS = (
					"$(inherited)",
					"@executable_path/Frameworks",
				);
				PRODUCT_BUNDLE_IDENTIFIER = sourav.bigb.com.pitchingperfects;
				PRODUCT_NAME = "$(TARGET_NAME)";
				SWIFT_VERSION = 5.0;
				TARGETED_DEVICE_FAMILY = "1,2";
			};
			name = Release;
		};
		18BFD887235A683C004EB4C0 /* Debug */ = {
			isa = XCBuildConfiguration;
			buildSettings = {
				ALWAYS_EMBED_SWIFT_STANDARD_LIBRARIES = YES;
				BUNDLE_LOADER = "$(TEST_HOST)";
				CODE_SIGN_STYLE = Automatic;
				DEVELOPMENT_TEAM = X49G5RK3N2;
				INFOPLIST_FILE = pitchingperfectsTests/Info.plist;
				IPHONEOS_DEPLOYMENT_TARGET = 13.0;
				LD_RUNPATH_SEARCH_PATHS = (
					"$(inherited)",
					"@executable_path/Frameworks",
					"@loader_path/Frameworks",
				);
				PRODUCT_BUNDLE_IDENTIFIER = sourav.bigb.com.pitchingperfectsTests;
				PRODUCT_NAME = "$(TARGET_NAME)";
				SWIFT_VERSION = 5.0;
				TARGETED_DEVICE_FAMILY = "1,2";
				TEST_HOST = "$(BUILT_PRODUCTS_DIR)/pitchingperfects.app/pitchingperfects";
			};
			name = Debug;
		};
		18BFD888235A683C004EB4C0 /* Release */ = {
			isa = XCBuildConfiguration;
			buildSettings = {
				ALWAYS_EMBED_SWIFT_STANDARD_LIBRARIES = YES;
				BUNDLE_LOADER = "$(TEST_HOST)";
				CODE_SIGN_STYLE = Automatic;
				DEVELOPMENT_TEAM = X49G5RK3N2;
				INFOPLIST_FILE = pitchingperfectsTests/Info.plist;
				IPHONEOS_DEPLOYMENT_TARGET = 13.0;
				LD_RUNPATH_SEARCH_PATHS = (
					"$(inherited)",
					"@executable_path/Frameworks",
					"@loader_path/Frameworks",
				);
				PRODUCT_BUNDLE_IDENTIFIER = sourav.bigb.com.pitchingperfectsTests;
				PRODUCT_NAME = "$(TARGET_NAME)";
				SWIFT_VERSION = 5.0;
				TARGETED_DEVICE_FAMILY = "1,2";
				TEST_HOST = "$(BUILT_PRODUCTS_DIR)/pitchingperfects.app/pitchingperfects";
			};
			name = Release;
		};
		18BFD88A235A683C004EB4C0 /* Debug */ = {
			isa = XCBuildConfiguration;
			buildSettings = {
				ALWAYS_EMBED_SWIFT_STANDARD_LIBRARIES = YES;
				CODE_SIGN_STYLE = Automatic;
				DEVELOPMENT_TEAM = X49G5RK3N2;
				INFOPLIST_FILE = pitchingperfectsUITests/Info.plist;
				LD_RUNPATH_SEARCH_PATHS = (
					"$(inherited)",
					"@executable_path/Frameworks",
					"@loader_path/Frameworks",
				);
				PRODUCT_BUNDLE_IDENTIFIER = sourav.bigb.com.pitchingperfectsUITests;
				PRODUCT_NAME = "$(TARGET_NAME)";
				SWIFT_VERSION = 5.0;
				TARGETED_DEVICE_FAMILY = "1,2";
				TEST_TARGET_NAME = pitchingperfects;
			};
			name = Debug;
		};
		18BFD88B235A683C004EB4C0 /* Release */ = {
			isa = XCBuildConfiguration;
			buildSettings = {
				ALWAYS_EMBED_SWIFT_STANDARD_LIBRARIES = YES;
				CODE_SIGN_STYLE = Automatic;
				DEVELOPMENT_TEAM = X49G5RK3N2;
				INFOPLIST_FILE = pitchingperfectsUITests/Info.plist;
				LD_RUNPATH_SEARCH_PATHS = (
					"$(inherited)",
					"@executable_path/Frameworks",
					"@loader_path/Frameworks",
				);
				PRODUCT_BUNDLE_IDENTIFIER = sourav.bigb.com.pitchingperfectsUITests;
				PRODUCT_NAME = "$(TARGET_NAME)";
				SWIFT_VERSION = 5.0;
				TARGETED_DEVICE_FAMILY = "1,2";
				TEST_TARGET_NAME = pitchingperfects;
			};
			name = Release;
		};
/* End XCBuildConfiguration section */

/* Begin XCConfigurationList section */
		18BFD851235A683A004EB4C0 /* Build configuration list for PBXProject "pitchingperfects" */ = {
			isa = XCConfigurationList;
			buildConfigurations = (
				18BFD881235A683C004EB4C0 /* Debug */,
				18BFD882235A683C004EB4C0 /* Release */,
			);
			defaultConfigurationIsVisible = 0;
			defaultConfigurationName = Release;
		};
		18BFD883235A683C004EB4C0 /* Build configuration list for PBXNativeTarget "pitchingperfects" */ = {
			isa = XCConfigurationList;
			buildConfigurations = (
				18BFD884235A683C004EB4C0 /* Debug */,
				18BFD885235A683C004EB4C0 /* Release */,
			);
			defaultConfigurationIsVisible = 0;
			defaultConfigurationName = Release;
		};
		18BFD886235A683C004EB4C0 /* Build configuration list for PBXNativeTarget "pitchingperfectsTests" */ = {
			isa = XCConfigurationList;
			buildConfigurations = (
				18BFD887235A683C004EB4C0 /* Debug */,
				18BFD888235A683C004EB4C0 /* Release */,
			);
			defaultConfigurationIsVisible = 0;
			defaultConfigurationName = Release;
		};
		18BFD889235A683C004EB4C0 /* Build configuration list for PBXNativeTarget "pitchingperfectsUITests" */ = {
			isa = XCConfigurationList;
			buildConfigurations = (
				18BFD88A235A683C004EB4C0 /* Debug */,
				18BFD88B235A683C004EB4C0 /* Release */,
			);
			defaultConfigurationIsVisible = 0;
			defaultConfigurationName = Release;
		};
/* End XCConfigurationList section */

/* Begin XCVersionGroup section */
		18BFD85D235A683A004EB4C0 /* pitchingperfects.xcdatamodeld */ = {
			isa = XCVersionGroup;
			children = (
				18BFD85E235A683A004EB4C0 /* pitchingperfects.xcdatamodel */,
			);
			currentVersion = 18BFD85E235A683A004EB4C0 /* pitchingperfects.xcdatamodel */;
			path = pitchingperfects.xcdatamodeld;
			sourceTree = "<group>";
			versionGroupType = wrapper.xcdatamodel;
		};
/* End XCVersionGroup section */
	};
	rootObject = 18BFD84E235A683A004EB4C0 /* Project object */;
}
